lockfileVersion: '9.0'

settings:
  autoInstallPeers: true
  excludeLinksFromLockfile: false

importers:

  .:
    dependencies:
      react:
        specifier: ^19.2.3
        version: 19.2.4
      react-dom:
        specifier: ^19.2.3
        version: 19.2.4(react@19.2.4)
      react-error-boundary:
        specifier: ^6.1.1
        version: 6.1.1(react@19.2.4)
      react-router-dom:
        specifier: ^7.13.1
        version: 7.13.1(react-dom@19.2.4(react@19.2.4))(react@19.2.4)
    devDependencies:
      '@rsbuild/core':
        specifier: ^1.7.1
        version: 1.7.3
      '@rsbuild/plugin-react':
        specifier: ^1.4.2
        version: 1.4.6(@rsbuild/core@1.7.3)

packages:

  '@emnapi/core@1.9.1':
    resolution: {integrity: sha512-mukuNALVsoix/w1BJwFzwXBN/dHeejQtuVzcDsfOEsdpCumXb/E9j8w11h5S54tT1xhifGfbbSm/ICrObRb3KA==}

  '@emnapi/runtime@1.9.1':
    resolution: {integrity: sha512-VYi5+ZVLhpgK4hQ0TAjiQiZ6ol0oe4mBx7mVv7IflsiEp0OWoVsp/+f9Vc1hOhE0TtkORVrI1GvzyreqpgWtkA==}

  '@emnapi/wasi-threads@1.2.0':
    resolution: {integrity: sha512-N10dEJNSsUx41Z6pZsXU8FjPjpBEplgH24sfkmITrBED1/U2Esum9F3lfLrMjKHHjmi557zQn7kR9R+XWXu5Rg==}

  '@module-federation/error-codes@0.22.0':
    resolution: {integrity: sha512-xF9SjnEy7vTdx+xekjPCV5cIHOGCkdn3pIxo9vU7gEZMIw0SvAEdsy6Uh17xaCpm8V0FWvR0SZoK9Ik6jGOaug==}

  '@module-federation/runtime-core@0.22.0':
    resolution: {integrity: sha512-GR1TcD6/s7zqItfhC87zAp30PqzvceoeDGYTgF3Vx2TXvsfDrhP6Qw9T4vudDQL3uJRne6t7CzdT29YyVxlgIA==}

  '@module-federation/runtime-tools@0.22.0':
    resolution: {integrity: sha512-4ScUJ/aUfEernb+4PbLdhM/c60VHl698Gn1gY21m9vyC1Ucn69fPCA1y2EwcCB7IItseRMoNhdcWQnzt/OPCNA==}

  '@module-federation/runtime@0.22.0':
    resolution: {integrity: sha512-38g5iPju2tPC3KHMPxRKmy4k4onNp6ypFPS1eKGsNLUkXgHsPMBFqAjDw96iEcjri91BrahG4XcdyKi97xZzlA==}

  '@module-federation/sdk@0.22.0':
    resolution: {integrity: sha512-x4aFNBKn2KVQRuNVC5A7SnrSCSqyfIWmm1DvubjbO9iKFe7ith5niw8dqSFBekYBg2Fwy+eMg4sEFNVvCAdo6g==}

  '@module-federation/webpack-bundler-runtime@0.22.0':
    resolution: {integrity: sha512-aM8gCqXu+/4wBmJtVeMeeMN5guw3chf+2i6HajKtQv7SJfxV/f4IyNQJUeUQu9HfiAZHjqtMV5Lvq/Lvh8LdyA==}

  '@napi-rs/wasm-runtime@1.0.7':
    resolution: {integrity: sha512-SeDnOO0Tk7Okiq6DbXmmBODgOAb9dp9gjlphokTUxmt8U3liIP1ZsozBahH69j/RJv+Rfs6IwUKHTgQYJ/HBAw==}

  '@rsbuild/core@1.7.3':
    resolution: {integrity: sha512-kI1oQvCXbQYxUvQPnDLdjSX4gFsbrFNpuUj6jXEJ7IcJ74Q+n4oeFj74/8tKerhxhe0L90m/ZQfzLeN5ORGA9w==}
    engines: {node: '>=18.12.0'}
    hasBin: true

  '@rsbuild/plugin-react@1.4.6':
    resolution: {integrity: sha512-LAT6xHlEyZKA0VjF/ph5d50iyG+WSmBx+7g98HNZUwb94VeeTMZFB8qVptTkbIRMss3BNKOXmHOu71Lhsh9oEw==}
    peerDependencies:
      '@rsbuild/core': ^1.0.0 || ^2.0.0-0
    peerDependenciesMeta:
      '@rsbuild/core':
        optional: true

  '@rspack/binding-darwin-arm64@1.7.9':
    resolution: {integrity: sha512-64dgstte0If5czi9bA/cpOe0ryY6wC9AIQRtyJ3DlOF6Tt+y9cKkmUoGu3V+WYaYIZRT7HNk8V7kL8amVjFTYw==}
    cpu: [arm64]
    os: [darwin]

  '@rspack/binding-darwin-x64@1.7.9':
    resolution: {integrity: sha512-2QSLs3w4rLy4UUGVnIlkt6IlIKOzR1e0RPsq2FYQW6s3p9JrwRCtOeHohyh7EJSqF54dtfhe9UZSAwba3LqH1Q==}
    cpu: [x64]
    os: [darwin]

  '@rspack/binding-linux-arm64-gnu@1.7.9':
    resolution: {integrity: sha512-qhUGI/uVfvLmKWts4QkVHGL8yfUyJkblZs+OFD5Upa2y676EOsbQgWsCwX4xGB6Tv+TOzFP0SLh/UfO8ZfdE+w==}
    cpu: [arm64]
    os: [linux]

  '@rspack/binding-linux-arm64-musl@1.7.9':
    resolution: {integrity: sha512-VjfmR1hgO9n3L6MaE5KG+DXSrrLVqHHOkVcOtS2LMq3bjMTwbBywY7ycymcLnX5KJsol8d3ZGYep6IfSOt3lFA==}
    cpu: [arm64]
    os: [linux]

  '@rspack/binding-linux-x64-gnu@1.7.9':
    resolution: {integrity: sha512-0kldV+3WTs/VYDWzxJ7K40hCW26IHtnk8xPK3whKoo1649rgeXXa0EdsU5P7hG8Ef5SWQjHHHZ/fuHYSO3Y6HA==}
    cpu: [x64]
    os: [linux]

  '@rspack/binding-linux-x64-musl@1.7.9':
    resolution: {integrity: sha512-Gi4872cFtc2d83FKATR6Qcf2VBa/tFCqffI/IwRRl6Hx5FulEBqx+tH7gAuRVF693vrbXNxK+FQ+k4iEsEJxrw==}
    cpu: [x64]
    os: [linux]

  '@rspack/binding-wasm32-wasi@1.7.9':
    resolution: {integrity: sha512-5QEzqo6EaolpuZmK6w/mgSueorgGnnzp7dJaAvBj6ECFIg/aLXhXXmWCWbxt7Ws2gKvG5/PgaxDqbUxYL51juA==}
    cpu: [wasm32]

  '@rspack/binding-win32-arm64-msvc@1.7.9':
    resolution: {integrity: sha512-MMqvcrIc8aOqTuHjWkjdzilvoZ3Hv07Od0Foogiyq3JMudsS3Wcmh7T1dFerGg19MOJcRUeEkrg2NQOMOQ6xDA==}
    cpu: [arm64]
    os: [win32]

  '@rspack/binding-win32-ia32-msvc@1.7.9':
    resolution: {integrity: sha512-4kYYS+NZ2CuNbKjq40yB/UEyB51o1PHj5wpr+Y943oOJXpEKWU2Q4vkF8VEohPEcnA9cKVotYCnqStme+02suA==}
    cpu: [ia32]
    os: [win32]

  '@rspack/binding-win32-x64-msvc@1.7.9':
    resolution: {integrity: sha512-1g+QyXXvs+838Un/4GaUvJfARDGHMCs15eXDYWBl5m/Skubyng8djWAgr6ag1+cVoJZXCPOvybTItcblWF3gbQ==}
    cpu: [x64]
    os: [win32]

  '@rspack/binding@1.7.9':
    resolution: {integrity: sha512-A56e0NdfNwbOSJoilMkxzaPuVYaKCNn1shuiwWnCIBmhV9ix1n9S1XvquDjkGyv+gCdR1+zfJBOa5DMB7htLHw==}

  '@rspack/core@1.7.9':
    resolution: {integrity: sha512-VHuSKvRkuv42Ya+TxEGO0LE0r9+8P4tKGokmomj4R1f/Nu2vtS3yoaIMfC4fR6VuHGd3MZ+KTI0cNNwHfFcskw==}
    engines: {node: '>=18.12.0'}
    peerDependencies:
      '@swc/helpers': '>=0.5.1'
    peerDependenciesMeta:
      '@swc/helpers':
        optional: true

  '@rspack/lite-tapable@1.1.0':
    resolution: {integrity: sha512-E2B0JhYFmVAwdDiG14+DW0Di4Ze4Jg10Pc4/lILUrd5DRCaklduz2OvJ5HYQ6G+hd+WTzqQb3QnDNfK4yvAFYw==}

  '@rspack/plugin-react-refresh@1.6.1':
    resolution: {integrity: sha512-eqqW5645VG3CzGzFgNg5HqNdHVXY+567PGjtDhhrM8t67caxmsSzRmT5qfoEIfBcGgFkH9vEg7kzXwmCYQdQDw==}
    peerDependencies:
      react-refresh: '>=0.10.0 <1.0.0'
      webpack-hot-middleware: 2.x
    peerDependenciesMeta:
      webpack-hot-middleware:
        optional: true

  '@swc/helpers@0.5.19':
    resolution: {integrity: sha512-QamiFeIK3txNjgUTNppE6MiG3p7TdninpZu0E0PbqVh1a9FNLT2FRhisaa4NcaX52XVhA5l7Pk58Ft7Sqi/2sA==}

  '@tybys/wasm-util@0.10.1':
    resolution: {integrity: sha512-9tTaPJLSiejZKx+Bmog4uSubteqTvFrVrURwkmHixBo0G4seD0zUxp98E1DzUBJxLQ3NPwXrGKDiVjwx/DpPsg==}

  cookie@1.1.1:
    resolution: {integrity: sha512-ei8Aos7ja0weRpFzJnEA9UHJ/7XQmqglbRwnf2ATjcB9Wq874VKH9kfjjirM6UhU2/E5fFYadylyhFldcqSidQ==}
    engines: {node: '>=18'}

  core-js@3.47.0:
    resolution: {integrity: sha512-c3Q2VVkGAUyupsjRnaNX6u8Dq2vAdzm9iuPj5FW0fRxzlxgq9Q39MDq10IvmQSpLgHQNyQzQmOo6bgGHmH3NNg==}

  error-stack-parser@2.1.4:
    resolution: {integrity: sha512-Sk5V6wVazPhq5MhpO+AUxJn5x7XSXGl1R93Vn7i+zS15KDVxQijejNCrz8340/2bgLBjR9GtEG8ZVKONDjcqGQ==}

  html-entities@2.6.0:
    resolution: {integrity: sha512-kig+rMn/QOVRvr7c86gQ8lWXq+Hkv6CbAH1hLu+RG338StTpE8Z0b44SDVaqVu7HGKf27frdmUYEs9hTUX/cLQ==}

  jiti@2.6.1:
    resolution: {integrity: sha512-ekilCSN1jwRvIbgeg/57YFh8qQDNbwDb9xT/qu2DAHbFFZUicIl4ygVaAvzveMhMVr3LnpSKTNnwt8PoOfmKhQ==}
    hasBin: true

  react-dom@19.2.4:
    resolution: {integrity: sha512-AXJdLo8kgMbimY95O2aKQqsz2iWi9jMgKJhRBAxECE4IFxfcazB2LmzloIoibJI3C12IlY20+KFaLv+71bUJeQ==}
    peerDependencies:
      react: ^19.2.4

  react-error-boundary@6.1.1:
    resolution: {integrity: sha512-BrYwPOdXi5mqkk5lw+Uvt0ThHx32rCt3BkukS4X23A2AIWDPSGX6iaWTc0y9TU/mHDA/6qOSGel+B2ERkOvD1w==}
    peerDependencies:
      react: ^18.0.0 || ^19.0.0

  react-refresh@0.18.0:
    resolution: {integrity: sha512-QgT5//D3jfjJb6Gsjxv0Slpj23ip+HtOpnNgnb2S5zU3CB26G/IDPGoy4RJB42wzFE46DRsstbW6tKHoKbhAxw==}
    engines: {node: '>=0.10.0'}

  react-router-dom@7.13.1:
    resolution: {integrity: sha512-UJnV3Rxc5TgUPJt2KJpo1Jpy0OKQr0AjgbZzBFjaPJcFOb2Y8jA5H3LT8HUJAiRLlWrEXWHbF1Z4SCZaQjWDHw==}
    engines: {node: '>=20.0.0'}
    peerDependencies:
      react: '>=18'
      react-dom: '>=18'

  react-router@7.13.1:
    resolution: {integrity: sha512-td+xP4X2/6BJvZoX6xw++A2DdEi++YypA69bJUV5oVvqf6/9/9nNlD70YO1e9d3MyamJEBQFEzk6mbfDYbqrSA==}
    engines: {node: '>=20.0.0'}
    peerDependencies:
      react: '>=18'
      react-dom: '>=18'
    peerDependenciesMeta:
      react-dom:
        optional: true

  react@19.2.4:
    resolution: {integrity: sha512-9nfp2hYpCwOjAN+8TZFGhtWEwgvWHXqESH8qT89AT/lWklpLON22Lc8pEtnpsZz7VmawabSU0gCjnj8aC0euHQ==}
    engines: {node: '>=0.10.0'}

  scheduler@0.27.0:
    resolution: {integrity: sha512-eNv+WrVbKu1f3vbYJT/xtiF5syA5HPIMtf9IgY/nKg0sWqzAUEvqY/xm7OcZc/qafLx/iO9FgOmeSAp4v5ti/Q==}

  set-cookie-parser@2.7.2:
    resolution: {integrity: sha512-oeM1lpU/UvhTxw+g3cIfxXHyJRc/uidd3yK1P242gzHds0udQBYzs3y8j4gCCW+ZJ7ad0yctld8RYO+bdurlvw==}

  stackframe@1.3.4:
    resolution: {integrity: sha512-oeVtt7eWQS+Na6F//S4kJ2K2VbRlS9D43mAlMyVpVWovy9o+jfgH8O9agzANzaiLjclA0oYzUXEM4PurhSUChw==}

  tslib@2.8.1:
    resolution: {integrity: sha512-oJFu94HQb+KVduSUQL7wnpmqnfmLsOA/nAh6b6EH0wCEoK0/mPeXU6c3wKDV83MkOuHPRHtSXKKU99IBazS/2w==}

snapshots:

  '@emnapi/core@1.9.1':
    dependencies:
      '@emnapi/wasi-threads': 1.2.0
      tslib: 2.8.1
    optional: true

  '@emnapi/runtime@1.9.1':
    dependencies:
      tslib: 2.8.1
    optional: true

  '@emnapi/wasi-threads@1.2.0':
    dependencies:
      tslib: 2.8.1
    optional: true

  '@module-federation/error-codes@0.22.0': {}

  '@module-federation/runtime-core@0.22.0':
    dependencies:
      '@module-federation/error-codes': 0.22.0
      '@module-federation/sdk': 0.22.0

  '@module-federation/runtime-tools@0.22.0':
    dependencies:
      '@module-federation/runtime': 0.22.0
      '@module-federation/webpack-bundler-runtime': 0.22.0

  '@module-federation/runtime@0.22.0':
    dependencies:
      '@module-federation/error-codes': 0.22.0
      '@module-federation/runtime-core': 0.22.0
      '@module-federation/sdk': 0.22.0

  '@module-federation/sdk@0.22.0': {}

  '@module-federation/webpack-bundler-runtime@0.22.0':
    dependencies:
      '@module-federation/runtime': 0.22.0
      '@module-federation/sdk': 0.22.0

  '@napi-rs/wasm-runtime@1.0.7':
    dependencies:
      '@emnapi/core': 1.9.1
      '@emnapi/runtime': 1.9.1
      '@tybys/wasm-util': 0.10.1
    optional: true

  '@rsbuild/core@1.7.3':
    dependencies:
      '@rspack/core': 1.7.9(@swc/helpers@0.5.19)
      '@rspack/lite-tapable': 1.1.0
      '@swc/helpers': 0.5.19
      core-js: 3.47.0
      jiti: 2.6.1

  '@rsbuild/plugin-react@1.4.6(@rsbuild/core@1.7.3)':
    dependencies:
      '@rspack/plugin-react-refresh': 1.6.1(react-refresh@0.18.0)
      react-refresh: 0.18.0
    optionalDependencies:
      '@rsbuild/core': 1.7.3
    transitivePeerDependencies:
      - webpack-hot-middleware

  '@rspack/binding-darwin-arm64@1.7.9':
    optional: true

  '@rspack/binding-darwin-x64@1.7.9':
    optional: true

  '@rspack/binding-linux-arm64-gnu@1.7.9':
    optional: true

  '@rspack/binding-linux-arm64-musl@1.7.9':
    optional: true

  '@rspack/binding-linux-x64-gnu@1.7.9':
    optional: true

  '@rspack/binding-linux-x64-musl@1.7.9':
    optional: true

  '@rspack/binding-wasm32-wasi@1.7.9':
    dependencies:
      '@napi-rs/wasm-runtime': 1.0.7
    optional: true

  '@rspack/binding-win32-arm64-msvc@1.7.9':
    optional: true

  '@rspack/binding-win32-ia32-msvc@1.7.9':
    optional: true

  '@rspack/binding-win32-x64-msvc@1.7.9':
    optional: true

  '@rspack/binding@1.7.9':
    optionalDependencies:
      '@rspack/binding-darwin-arm64': 1.7.9
      '@rspack/binding-darwin-x64': 1.7.9
      '@rspack/binding-linux-arm64-gnu': 1.7.9
      '@rspack/binding-linux-arm64-musl': 1.7.9
      '@rspack/binding-linux-x64-gnu': 1.7.9
      '@rspack/binding-linux-x64-musl': 1.7.9
      '@rspack/binding-wasm32-wasi': 1.7.9
      '@rspack/binding-win32-arm64-msvc': 1.7.9
      '@rspack/binding-win32-ia32-msvc': 1.7.9
      '@rspack/binding-win32-x64-msvc': 1.7.9

  '@rspack/core@1.7.9(@swc/helpers@0.5.19)':
    dependencies:
      '@module-federation/runtime-tools': 0.22.0
      '@rspack/binding': 1.7.9
      '@rspack/lite-tapable': 1.1.0
    optionalDependencies:
      '@swc/helpers': 0.5.19

  '@rspack/lite-tapable@1.1.0': {}

  '@rspack/plugin-react-refresh@1.6.1(react-refresh@0.18.0)':
    dependencies:
      error-stack-parser: 2.1.4
      html-entities: 2.6.0
      react-refresh: 0.18.0

  '@swc/helpers@0.5.19':
    dependencies:
      tslib: 2.8.1

  '@tybys/wasm-util@0.10.1':
    dependencies:
      tslib: 2.8.1
    optional: true

  cookie@1.1.1: {}

  core-js@3.47.0: {}

  error-stack-parser@2.1.4:
    dependencies:
      stackframe: 1.3.4

  html-entities@2.6.0: {}

  jiti@2.6.1: {}

  react-dom@19.2.4(react@19.2.4):
    dependencies:
      react: 19.2.4
      scheduler: 0.27.0

  react-error-boundary@6.1.1(react@19.2.4):
    dependencies:
      react: 19.2.4

  react-refresh@0.18.0: {}

  react-router-dom@7.13.1(react-dom@19.2.4(react@19.2.4))(react@19.2.4):
    dependencies:
      react: 19.2.4
      react-dom: 19.2.4(react@19.2.4)
      react-router: 7.13.1(react-dom@19.2.4(react@19.2.4))(react@19.2.4)

  react-router@7.13.1(react-dom@19.2.4(react@19.2.4))(react@19.2.4):
    dependencies:
      cookie: 1.1.1
      react: 19.2.4
      set-cookie-parser: 2.7.2
    optionalDependencies:
      react-dom: 19.2.4(react@19.2.4)

  react@19.2.4: {}

  scheduler@0.27.0: {}

  set-cookie-parser@2.7.2: {}

  stackframe@1.3.4: {}

  tslib@2.8.1: {}
